
Microsoft Visual Studio Solution File, Format Version 12.00
# Visual Studio Version 17
VisualStudioVersion = 17.12.35527.113
MinimumVisualStudioVersion = 10.0.40219.1
Project("{2150E333-8FDC-42A3-9474-1A3956D46DE8}") = "APi", "APi", "{3436B7C8-4EDD-411B-A565-AA743747E998}"
EndProject
Project("{2150E333-8FDC-42A3-9474-1A3956D46DE8}") = "Blazor", "Blazor", "{97CFD476-36E0-453E-889A-19CCD1A66A87}"
EndProject
Project("{2150E333-8FDC-42A3-9474-1A3956D46DE8}") = "1Domain", "1Domain", "{F3AE169D-5556-4E57-B6DE-6F35808EA7FB}"
EndProject
Project("{2150E333-8FDC-42A3-9474-1A3956D46DE8}") = "2Application", "2Application", "{9D4FD775-4450-4DFD-B1CE-BFCDC9FC36AE}"
EndProject
Project("{2150E333-8FDC-42A3-9474-1A3956D46DE8}") = "3DataINfruStructure", "3DataINfruStructure", "{0C82E74E-B994-452E-8656-062CFC286FEA}"
EndProject
Project("{2150E333-8FDC-42A3-9474-1A3956D46DE8}") = "4Presentation", "4Presentation", "{9D5506B4-6969-42B4-9C69-67796F6AF41F}"
EndProject
Project("{FAE04EC0-301F-11D3-BF4B-00C04F79EFBC}") = "Domain", "Domain\Domain.csproj", "{CE39A684-55EA-464A-9037-FF383C73938A}"
EndProject
Project("{FAE04EC0-301F-11D3-BF4B-00C04F79EFBC}") = "Application", "Application\Application.csproj", "{E1284BB0-C7FF-4560-8859-2B3342FF4B15}"
EndProject
Project("{FAE04EC0-301F-11D3-BF4B-00C04F79EFBC}") = "DataInfruStructure", "DataInfruStructure\DataInfruStructure.csproj", "{DA6C444A-A7CB-4FB0-872E-7F09C8592C20}"
EndProject
Project("{FAE04EC0-301F-11D3-BF4B-00C04F79EFBC}") = "WebApi", "WebApi\WebApi.csproj", "{F20C0594-AFD6-4B56-A5B7-ACE165BCF22F}"
EndProject
Project("{FAE04EC0-301F-11D3-BF4B-00C04F79EFBC}") = "AutoBlazor", "AutoBlazor\AutoBlazor\AutoBlazor.csproj", "{23096E68-83B2-4C97-BBA2-6C3AE488A849}"
EndProject
Project("{FAE04EC0-301F-11D3-BF4B-00C04F79EFBC}") = "AutoBlazor.Client", "AutoBlazor\AutoBlazor.Client\AutoBlazor.Client.csproj", "{F160C898-3C86-483C-A571-1200F056EA9B}"
EndProject
Project("{FAE04EC0-301F-11D3-BF4B-00C04F79EFBC}") = "AutoBlazor.shared", "AutoBlazor.shared\AutoBlazor.shared.csproj", "{A409321F-0CD0-4221-8AC8-DF3023487BA7}"
EndProject
Global
	GlobalSection(SolutionConfigurationPlatforms) = preSolution
		Debug|Any CPU = Debug|Any CPU
		Release|Any CPU = Release|Any CPU
	EndGlobalSection
	GlobalSection(ProjectConfigurationPlatforms) = postSolution
		{CE39A684-55EA-464A-9037-FF383C73938A}.Debug|Any CPU.ActiveCfg = Debug|Any CPU
		{CE39A684-55EA-464A-9037-FF383C73938A}.Debug|Any CPU.Build.0 = Debug|Any CPU
		{CE39A684-55EA-464A-9037-FF383C73938A}.Release|Any CPU.ActiveCfg = Release|Any CPU
		{CE39A684-55EA-464A-9037-FF383C73938A}.Release|Any CPU.Build.0 = Release|Any CPU
		{E1284BB0-C7FF-4560-8859-2B3342FF4B15}.Debug|Any CPU.ActiveCfg = Debug|Any CPU
		{E1284BB0-C7FF-4560-8859-2B3342FF4B15}.Debug|Any CPU.Build.0 = Debug|Any CPU
		{E1284BB0-C7FF-4560-8859-2B3342FF4B15}.Release|Any CPU.ActiveCfg = Release|Any CPU
		{E1284BB0-C7FF-4560-8859-2B3342FF4B15}.Release|Any CPU.Build.0 = Release|Any CPU
		{DA6C444A-A7CB-4FB0-872E-7F09C8592C20}.Debug|Any CPU.ActiveCfg = Debug|Any CPU
		{DA6C444A-A7CB-4FB0-872E-7F09C8592C20}.Debug|Any CPU.Build.0 = Debug|Any CPU
		{DA6C444A-A7CB-4FB0-872E-7F09C8592C20}.Release|Any CPU.ActiveCfg = Release|Any CPU
		{DA6C444A-A7CB-4FB0-872E-7F09C8592C20}.Release|Any CPU.Build.0 = Release|Any CPU
		{F20C0594-AFD6-4B56-A5B7-ACE165BCF22F}.Debug|Any CPU.ActiveCfg = Debug|Any CPU
		{F20C0594-AFD6-4B56-A5B7-ACE165BCF22F}.Debug|Any CPU.Build.0 = Debug|Any CPU
		{F20C0594-AFD6-4B56-A5B7-ACE165BCF22F}.Release|Any CPU.ActiveCfg = Release|Any CPU
		{F20C0594-AFD6-4B56-A5B7-ACE165BCF22F}.Release|Any CPU.Build.0 = Release|Any CPU
		{23096E68-83B2-4C97-BBA2-6C3AE488A849}.Debug|Any CPU.ActiveCfg = Debug|Any CPU
		{23096E68-83B2-4C97-BBA2-6C3AE488A849}.Debug|Any CPU.Build.0 = Debug|Any CPU
		{23096E68-83B2-4C97-BBA2-6C3AE488A849}.Release|Any CPU.ActiveCfg = Release|Any CPU
		{23096E68-83B2-4C97-BBA2-6C3AE488A849}.Release|Any CPU.Build.0 = Release|Any CPU
		{F160C898-3C86-483C-A571-1200F056EA9B}.Debug|Any CPU.ActiveCfg = Debug|Any CPU
		{F160C898-3C86-483C-A571-1200F056EA9B}.Debug|Any CPU.Build.0 = Debug|Any CPU
		{F160C898-3C86-483C-A571-1200F056EA9B}.Release|Any CPU.ActiveCfg = Release|Any CPU
		{F160C898-3C86-483C-A571-1200F056EA9B}.Release|Any CPU.Build.0 = Release|Any CPU
		{A409321F-0CD0-4221-8AC8-DF3023487BA7}.Debug|Any CPU.ActiveCfg = Debug|Any CPU
		{A409321F-0CD0-4221-8AC8-DF3023487BA7}.Debug|Any CPU.Build.0 = Debug|Any CPU
		{A409321F-0CD0-4221-8AC8-DF3023487BA7}.Release|Any CPU.ActiveCfg = Release|Any CPU
		{A409321F-0CD0-4221-8AC8-DF3023487BA7}.Release|Any CPU.Build.0 = Release|Any CPU
	EndGlobalSection
	GlobalSection(SolutionProperties) = preSolution
		HideSolutionNode = FALSE
	EndGlobalSection
	GlobalSection(NestedProjects) = preSolution
		{F3AE169D-5556-4E57-B6DE-6F35808EA7FB} = {3436B7C8-4EDD-411B-A565-AA743747E998}
		{9D4FD775-4450-4DFD-B1CE-BFCDC9FC36AE} = {3436B7C8-4EDD-411B-A565-AA743747E998}
		{0C82E74E-B994-452E-8656-062CFC286FEA} = {3436B7C8-4EDD-411B-A565-AA743747E998}
		{9D5506B4-6969-42B4-9C69-67796F6AF41F} = {3436B7C8-4EDD-411B-A565-AA743747E998}
		{CE39A684-55EA-464A-9037-FF383C73938A} = {F3AE169D-5556-4E57-B6DE-6F35808EA7FB}
		{E1284BB0-C7FF-4560-8859-2B3342FF4B15} = {9D4FD775-4450-4DFD-B1CE-BFCDC9FC36AE}
		{DA6C444A-A7CB-4FB0-872E-7F09C8592C20} = {0C82E74E-B994-452E-8656-062CFC286FEA}
		{F20C0594-AFD6-4B56-A5B7-ACE165BCF22F} = {9D5506B4-6969-42B4-9C69-67796F6AF41F}
		{23096E68-83B2-4C97-BBA2-6C3AE488A849} = {97CFD476-36E0-453E-889A-19CCD1A66A87}
		{F160C898-3C86-483C-A571-1200F056EA9B} = {97CFD476-36E0-453E-889A-19CCD1A66A87}
		{A409321F-0CD0-4221-8AC8-DF3023487BA7} = {97CFD476-36E0-453E-889A-19CCD1A66A87}
	EndGlobalSection
EndGlobal
